
Microsoft Visual Studio Solution File, Format Version 12.00
# Visual Studio Version 17
VisualStudioVersion = 17.10.35013.160
MinimumVisualStudioVersion = 10.0.40219.1
Project("{FAE04EC0-301F-11D3-BF4B-00C04F79EFBC}") = "TehnokratProject", "TehnokratProject\TehnokratProject.csproj", "{2DAE2EB7-8688-4DC0-97BE-3822A570B561}"
EndProject
Global
	GlobalSection(SolutionConfigurationPlatforms) = preSolution
		Debug|Any CPU = Debug|Any CPU
		Release|Any CPU = Release|Any CPU
	EndGlobalSection
	GlobalSection(ProjectConfigurationPlatforms) = postSolution
		{2DAE2EB7-8688-4DC0-97BE-3822A570B561}.Debug|Any CPU.ActiveCfg = Debug|Any CPU
		{2DAE2EB7-8688-4DC0-97BE-3822A570B561}.Debug|Any CPU.Build.0 = Debug|Any CPU
		{2DAE2EB7-8688-4DC0-97BE-3822A570B561}.Release|Any CPU.ActiveCfg = Release|Any CPU
		{2DAE2EB7-8688-4DC0-97BE-3822A570B561}.Release|Any CPU.Build.0 = Release|Any CPU
	EndGlobalSection
	GlobalSection(SolutionProperties) = preSolution
		HideSolutionNode = FALSE
	EndGlobalSection
	GlobalSection(ExtensibilityGlobals) = postSolution
		SolutionGuid = {B691A450-3541-49F5-AB33-8087D5D42D0A}
	EndGlobalSection
EndGlobal
